[[package]]
category = "main"
description = "The Blis BLAS-like linear algebra library, as a self-contained C-extension."
name = "blis"
optional = false
python-versions = "*"
version = "0.4.1"

[package.dependencies]
numpy = ">=1.15.0"

[[package]]
category = "main"
description = "Amazon Web Services Library"
name = "boto"
optional = false
python-versions = "*"
version = "2.49.0"

[[package]]
category = "main"
description = "The AWS SDK for Python"
name = "boto3"
optional = false
python-versions = "*"
version = "1.10.2"

[package.dependencies]
botocore = ">=1.13.2,<1.14.0"
jmespath = ">=0.7.1,<1.0.0"
s3transfer = ">=0.2.0,<0.3.0"

[[package]]
category = "main"
description = "Low-level, data-driven core of boto 3."
name = "botocore"
optional = false
python-versions = "*"
version = "1.13.2"

[package.dependencies]
docutils = ">=0.10,<0.16"
jmespath = ">=0.7.1,<1.0.0"

[package.dependencies.python-dateutil]
python = ">=2.7"
version = ">=2.1,<3.0.0"

[package.dependencies.urllib3]
python = ">=3.4"
version = ">=1.20,<1.26"

[[package]]
category = "main"
description = "Python package for providing Mozilla's CA Bundle."
name = "certifi"
optional = false
python-versions = "*"
version = "2019.9.11"

[[package]]
category = "main"
description = "Universal encoding detector for Python 2 and 3"
name = "chardet"
optional = false
python-versions = "*"
version = "3.0.4"

[[package]]
category = "main"
description = "Manage calls to calloc/free through Cython"
name = "cymem"
optional = false
python-versions = "*"
version = "2.0.2"

[[package]]
category = "main"
description = "Docutils -- Python Documentation Utilities"
name = "docutils"
optional = false
python-versions = ">=2.6, !=3.0.*, !=3.1.*, !=3.2.*"
version = "0.15.2"

[[package]]
category = "main"
description = "Python framework for fast Vector Space Modelling"
name = "gensim"
optional = false
python-versions = "*"
version = "3.8.1"

[package.dependencies]
numpy = ">=1.11.3,<=1.16.1"
scipy = ">=0.18.1"
six = ">=1.5.0"
smart-open = ">=1.8.1"

[package.extras]
distributed = ["Pyro4 (>=4.27)"]
docs = ["pytest (4.6.4)", "pytest-rerunfailures", "mock", "cython", "testfixtures", "Morfessor (2.0.2a4)", "python-Levenshtein (>=0.10.2)", "visdom (>=0.1.8,<0.1.8.7 || >0.1.8.7)", "scikit-learn (0.20.3)", "tornado (5.1.1)", "tensorflow (<=1.3.0)", "keras (>=2.0.4,<=2.1.4)", "annoy", "Pyro4 (>=4.27)", "sphinx", "sphinxcontrib-napoleon", "plotly", "pattern (<=2.6)", "sphinxcontrib.programoutput"]
test = ["pytest (4.6.4)", "pytest-rerunfailures", "mock", "cython", "testfixtures", "Morfessor (2.0.2a4)", "python-Levenshtein (>=0.10.2)", "visdom (>=0.1.8,<0.1.8.7 || >0.1.8.7)", "scikit-learn (0.20.3)", "tornado (5.1.1)", "tensorflow (<=1.3.0)", "keras (>=2.0.4,<=2.1.4)", "annoy"]
test-win = ["pytest (4.6.4)", "pytest-rerunfailures", "mock", "cython", "testfixtures", "Morfessor (2.0.2a4)", "python-Levenshtein (>=0.10.2)", "visdom (>=0.1.8,<0.1.8.7 || >0.1.8.7)", "scikit-learn (0.20.3)", "tornado (5.1.1)"]

[[package]]
category = "main"
description = "Internationalized Domain Names in Applications (IDNA)"
name = "idna"
optional = false
python-versions = ">=2.7, !=3.0.*, !=3.1.*, !=3.2.*, !=3.3.*"
version = "2.8"

[[package]]
category = "main"
description = "JSON Matching Expressions"
name = "jmespath"
optional = false
python-versions = "*"
version = "0.9.4"

[[package]]
category = "main"
description = "Cython bindings for MurmurHash"
name = "murmurhash"
optional = false
python-versions = "*"
version = "1.0.2"

[[package]]
category = "main"
description = "NumPy is the fundamental package for array computing with Python."
name = "numpy"
optional = false
python-versions = ">=2.7,!=3.0.*,!=3.1.*,!=3.2.*,!=3.3.*"
version = "1.16.1"

[[package]]
category = "main"
description = "The smartest command line arguments parser in the world"
name = "plac"
optional = false
python-versions = "*"
version = "0.9.6"

[[package]]
category = "main"
description = "Cython hash table that trusts the keys are pre-hashed"
name = "preshed"
optional = false
python-versions = "*"
version = "3.0.2"

[package.dependencies]
cymem = ">=2.0.2,<2.1.0"
murmurhash = ">=0.28.0,<1.1.0"

[[package]]
category = "main"
description = "Extensions to the standard Python datetime module"
marker = "python_version >= \"2.7\""
name = "python-dateutil"
optional = false
python-versions = ">=2.7, !=3.0.*, !=3.1.*, !=3.2.*"
version = "2.8.0"

[package.dependencies]
six = ">=1.5"

[[package]]
category = "main"
description = "Alternative regular expression module, to replace re."
name = "regex"
optional = false
python-versions = "*"
version = "2019.08.19"

[[package]]
category = "main"
description = "Python HTTP for Humans."
name = "requests"
optional = false
python-versions = ">=2.7, !=3.0.*, !=3.1.*, !=3.2.*, !=3.3.*, !=3.4.*"
version = "2.22.0"

[package.dependencies]
certifi = ">=2017.4.17"
chardet = ">=3.0.2,<3.1.0"
idna = ">=2.5,<2.9"
urllib3 = ">=1.21.1,<1.25.0 || >1.25.0,<1.25.1 || >1.25.1,<1.26"

[package.extras]
security = ["pyOpenSSL (>=0.14)", "cryptography (>=1.3.4)", "idna (>=2.0.0)"]
socks = ["PySocks (>=1.5.6,<1.5.7 || >1.5.7)", "win-inet-pton"]

[[package]]
category = "main"
description = "An Amazon S3 Transfer Manager"
name = "s3transfer"
optional = false
python-versions = "*"
version = "0.2.1"

[package.dependencies]
botocore = ">=1.12.36,<2.0.0"

[[package]]
category = "main"
description = "SciPy: Scientific Library for Python"
name = "scipy"
optional = false
python-versions = ">=3.5"
version = "1.3.1"

[package.dependencies]
numpy = ">=1.13.3"

[[package]]
category = "main"
description = "Python 2 and 3 compatibility utilities"
name = "six"
optional = false
python-versions = ">=2.6, !=3.0.*, !=3.1.*"
version = "1.12.0"

[[package]]
category = "main"
description = "Utils for streaming large files (S3, HDFS, gzip, bz2...)"
name = "smart-open"
optional = false
python-versions = "*"
version = "1.8.4"

[package.dependencies]
boto = ">=2.32"
boto3 = "*"
requests = "*"

[package.extras]
test = ["mock", "moto (1.3.4)", "pathlib2", "responses", "boto3 (<1.8.0)", "google-compute-engine (2.8.12)"]

[[package]]
category = "main"
description = "Industrial-strength Natural Language Processing (NLP) in Python"
name = "spacy"
optional = false
python-versions = ">=2.7,!=3.0.*,!=3.1.*,!=3.2.*,!=3.3.*"
version = "2.2.1"

[package.dependencies]
blis = ">=0.4.0,<0.5.0"
cymem = ">=2.0.2,<2.1.0"
murmurhash = ">=0.28.0,<1.1.0"
numpy = ">=1.15.0"
plac = ">=0.9.6,<1.0.0"
preshed = ">=3.0.2,<3.1.0"
requests = ">=2.13.0,<3.0.0"
srsly = ">=0.1.0,<1.1.0"
thinc = ">=7.1.1,<7.2.0"
wasabi = ">=0.2.0,<1.1.0"

[package.extras]
cuda = ["thinc-gpu-ops (>=0.0.1,<0.1.0)", "cupy (>=5.0.0b4)"]
cuda100 = ["thinc-gpu-ops (>=0.0.1,<0.1.0)", "cupy-cuda100 (>=5.0.0b4)"]
cuda80 = ["thinc-gpu-ops (>=0.0.1,<0.1.0)", "cupy-cuda80 (>=5.0.0b4)"]
cuda90 = ["thinc-gpu-ops (>=0.0.1,<0.1.0)", "cupy-cuda90 (>=5.0.0b4)"]
cuda91 = ["thinc-gpu-ops (>=0.0.1,<0.1.0)", "cupy-cuda91 (>=5.0.0b4)"]
cuda92 = ["thinc-gpu-ops (>=0.0.1,<0.1.0)", "cupy-cuda92 (>=5.0.0b4)"]
ja = ["mecab-python3 (0.7)"]
ko = ["natto-py (0.9.0)"]
lookups = ["spacy-lookups-data (>=0.0.5)"]
th = ["pythainlp (>=2.0)"]

[[package]]
category = "main"
description = "Modern high-performance serialization utilities for Python"
name = "srsly"
optional = false
python-versions = "*"
version = "0.1.0"

[[package]]
category = "main"
description = "Practical Machine Learning for NLP"
name = "thinc"
optional = false
python-versions = "*"
version = "7.1.1"

[package.dependencies]
blis = ">=0.4.0,<0.5.0"
cymem = ">=2.0.2,<2.1.0"
murmurhash = ">=0.28.0,<1.1.0"
numpy = ">=1.7.0"
plac = ">=0.9.6,<1.0.0"
preshed = ">=1.0.1,<3.1.0"
srsly = ">=0.0.6,<1.1.0"
tqdm = ">=4.10.0,<5.0.0"
wasabi = ">=0.0.9,<1.1.0"

[package.extras]
cuda = ["thinc_gpu_ops (>=0.0.1,<0.1.0)", "cupy (>=5.0.0b4)"]
cuda100 = ["thinc_gpu_ops (>=0.0.1,<0.1.0)", "cupy-cuda100 (>=5.0.0b4)"]
cuda80 = ["thinc_gpu_ops (>=0.0.1,<0.1.0)", "cupy-cuda80 (>=5.0.0b4)"]
cuda90 = ["thinc_gpu_ops (>=0.0.1,<0.1.0)", "cupy-cuda90 (>=5.0.0b4)"]
cuda91 = ["thinc_gpu_ops (>=0.0.1,<0.1.0)", "cupy-cuda91 (>=5.0.0b4)"]
cuda92 = ["thinc_gpu_ops (>=0.0.1,<0.1.0)", "cupy-cuda92 (>=5.0.0b4)"]

[[package]]
category = "main"
description = "Fast, Extensible Progress Meter"
name = "tqdm"
optional = false
python-versions = ">=2.6, !=3.0.*, !=3.1.*"
version = "4.36.1"

[package.extras]
dev = ["py-make (>=0.1.0)", "twine", "argopt", "pydoc-markdown"]

[[package]]
category = "main"
description = "HTTP library with thread-safe connection pooling, file post, and more."
name = "urllib3"
optional = false
python-versions = ">=2.7, !=3.0.*, !=3.1.*, !=3.2.*, !=3.3.*, <4"
version = "1.25.6"

[package.extras]
brotli = ["brotlipy (>=0.6.0)"]
secure = ["pyOpenSSL (>=0.14)", "cryptography (>=1.3.4)", "idna (>=2.0.0)", "certifi", "ipaddress"]
socks = ["PySocks (>=1.5.6,<1.5.7 || >1.5.7,<2.0)"]

[[package]]
category = "main"
description = "A lightweight console printing and formatting toolkit"
name = "wasabi"
optional = false
python-versions = "*"
version = "0.3.0"

[metadata]
content-hash = "7a5ab97d054824a325c268d7fa57749de9babd3fb0e7927bb4e88e161cfb01a2"
python-versions = "^3.7"

[metadata.files]
blis = [
    {file = "blis-0.4.1-cp27-cp27m-macosx_10_6_intel.macosx_10_9_intel.macosx_10_9_x86_64.macosx_10_10_intel.macosx_10_10_x86_64.whl", hash = "sha256:135450caabc8aea9bb9250329ebdf7189982d9b57d5c92789b2ba2fe52c247a7"},
    {file = "blis-0.4.1-cp27-cp27m-manylinux1_x86_64.whl", hash = "sha256:26b16d6005bb2671699831b5cc699905215d1abde1ec5c1d04de7dcd9eb29f75"},
    {file = "blis-0.4.1-cp27-cp27mu-manylinux1_x86_64.whl", hash = "sha256:d1d59faebc1c94f8f4f77154ef4b9d6d40364b111cf8fde48ee3b524c85f1075"},
    {file = "blis-0.4.1-cp35-cp35m-macosx_10_6_intel.macosx_10_9_intel.macosx_10_9_x86_64.macosx_10_10_intel.macosx_10_10_x86_64.whl", hash = "sha256:38fe877a4b52e762f5e137a412e3c256545a696a12ae8c40d67b8815d2bb5097"},
    {file = "blis-0.4.1-cp35-cp35m-manylinux1_x86_64.whl", hash = "sha256:1402d9cbb0fbc21b749dd5b87d7ee14249e74a0ca38be6ecc56b3b356fca2f21"},
    {file = "blis-0.4.1-cp35-cp35m-win_amd64.whl", hash = "sha256:8aeaf6954351593a1e412f80e398aa51df588d3c0de74b9f3323b694c603381b"},
    {file = "blis-0.4.1-cp36-cp36m-macosx_10_6_intel.macosx_10_9_intel.macosx_10_9_x86_64.macosx_10_10_intel.macosx_10_10_x86_64.whl", hash = "sha256:3347a4b1b7d3ae14476aac9a6f7bf8ebf464863f4ebf4aea228874a7694ea240"},
    {file = "blis-0.4.1-cp36-cp36m-manylinux1_x86_64.whl", hash = "sha256:77a6486b9794af01bcdfd1bc6e067c93add4b93292e6f95bf6e5ce7f98bf0163"},
    {file = "blis-0.4.1-cp36-cp36m-win_amd64.whl", hash = "sha256:f0b0dad4d6268d9dba0a65a9db12dd7a2d8686b648399e4aa1aec7550697e99e"},
    {file = "blis-0.4.1-cp37-cp37m-macosx_10_6_intel.macosx_10_9_intel.macosx_10_9_x86_64.macosx_10_10_intel.macosx_10_10_x86_64.whl", hash = "sha256:4fb89c47ee06b58a4410a16fd5794847517262c9d2a342643475b477dfeff0a4"},
    {file = "blis-0.4.1-cp37-cp37m-manylinux1_x86_64.whl", hash = "sha256:03c368c9716ca814c436550a5f1e02ccf74850e613602519e3941d212e5aa177"},
    {file = "blis-0.4.1-cp37-cp37m-win_amd64.whl", hash = "sha256:ddd732c5274d1082fa92e2c42317587d5ebabce7741ca98120f69bd45d004b99"},
    {file = "blis-0.4.1.tar.gz", hash = "sha256:d69257d317e86f34a7f230a2fd1f021fd2a1b944137f40d8cdbb23bd334cd0c4"},
]
boto = [
    {file = "boto-2.49.0-py2.py3-none-any.whl", hash = "sha256:147758d41ae7240dc989f0039f27da8ca0d53734be0eb869ef16e3adcfa462e8"},
    {file = "boto-2.49.0.tar.gz", hash = "sha256:ea0d3b40a2d852767be77ca343b58a9e3a4b00d9db440efb8da74b4e58025e5a"},
]
boto3 = [
    {file = "boto3-1.10.2-py2.py3-none-any.whl", hash = "sha256:7fc97cb2c9cdff905e950750c8e8b23b872a84696158a28852355dc4b712ba3a"},
    {file = "boto3-1.10.2.tar.gz", hash = "sha256:818c56a317c176142dbf1dca3f5b4366c80460c6cc3c4efe22f0bde736571283"},
]
botocore = [
    {file = "botocore-1.13.2-py2.py3-none-any.whl", hash = "sha256:f8e12dc6e536ea512f0ad25b74e7eecdf5d9e09ae92b5de236b535bee7804d5b"},
    {file = "botocore-1.13.2.tar.gz", hash = "sha256:8223485841ef4731a5d4943a733295ba69d0005c4ae64c468308cc07f6960d39"},
]
certifi = [
    {file = "certifi-2019.9.11-py2.py3-none-any.whl", hash = "sha256:fd7c7c74727ddcf00e9acd26bba8da604ffec95bf1c2144e67aff7a8b50e6cef"},
    {file = "certifi-2019.9.11.tar.gz", hash = "sha256:e4f3620cfea4f83eedc95b24abd9cd56f3c4b146dd0177e83a21b4eb49e21e50"},
]
chardet = [
    {file = "chardet-3.0.4-py2.py3-none-any.whl", hash = "sha256:fc323ffcaeaed0e0a02bf4d117757b98aed530d9ed4531e3e15460124c106691"},
    {file = "chardet-3.0.4.tar.gz", hash = "sha256:84ab92ed1c4d4f16916e05906b6b75a6c0fb5db821cc65e70cbd64a3e2a5eaae"},
]
cymem = [
    {file = "cymem-2.0.2-cp27-cp27m-macosx_10_6_intel.macosx_10_9_intel.macosx_10_9_x86_64.macosx_10_10_intel.macosx_10_10_x86_64.whl", hash = "sha256:46141111eedbb5b0d8c9386b00226a15f5727a1202b9095f4363d425f259267e"},
    {file = "cymem-2.0.2-cp27-cp27m-manylinux1_i686.whl", hash = "sha256:9935b233882732f03fd0fadbeb9e9aa672edcdd126e6d52c36d60adf1def8ea5"},
    {file = "cymem-2.0.2-cp27-cp27m-manylinux1_x86_64.whl", hash = "sha256:a38b3229782411e4b23240f5f90000c4e7a834af88ed8763c66f8e4603db6b51"},
    {file = "cymem-2.0.2-cp27-cp27m-win32.whl", hash = "sha256:741957f541fb8322de5a8c711d5d58f80d684225d2aec32fec92484cac931a52"},
    {file = "cymem-2.0.2-cp27-cp27m-win_amd64.whl", hash = "sha256:8d96e95902e781950d7c255b19364a1ed50a204843d63dd386b0abc5e6df5e44"},
    {file = "cymem-2.0.2-cp27-cp27mu-manylinux1_i686.whl", hash = "sha256:b08b0dd7adafbff9f0fd7dc8dcad5f3ce6f23c126c81ad8d1666880cc94e6974"},
    {file = "cymem-2.0.2-cp27-cp27mu-manylinux1_x86_64.whl", hash = "sha256:8e6ad29636edd559b0dfe0a19c5cb5e6257461a5df90839e8c7710ddb005f4b4"},
    {file = "cymem-2.0.2-cp35-cp35m-macosx_10_6_intel.macosx_10_9_intel.macosx_10_9_x86_64.macosx_10_10_intel.macosx_10_10_x86_64.whl", hash = "sha256:584872fd3df176e50c90e37aaca6cb731ac0abcdea4f5b8ad77c30674cfaaa99"},
    {file = "cymem-2.0.2-cp35-cp35m-manylinux1_i686.whl", hash = "sha256:8dd169ece1629ec4db1a592321e3ae0a9bb62fda2052a351fc36871f314c3569"},
    {file = "cymem-2.0.2-cp35-cp35m-manylinux1_x86_64.whl", hash = "sha256:4994c1f3e948bd58a6e38c905221680563b851983a15f1f01e5ff415d560d153"},
    {file = "cymem-2.0.2-cp35-cp35m-win32.whl", hash = "sha256:0e447fa4cb6dccd0b96257a798370a17bef3ec254a527230058e41816a777c04"},
    {file = "cymem-2.0.2-cp35-cp35m-win_amd64.whl", hash = "sha256:c46a122c524a3270ac5249f590ac2f75f1a83692a3d3a03479cea49de72a0a89"},
    {file = "cymem-2.0.2-cp36-cp36m-macosx_10_6_intel.macosx_10_9_intel.macosx_10_9_x86_64.macosx_10_10_intel.macosx_10_10_x86_64.whl", hash = "sha256:2c8267dcb15cc6ab318f01ceaf16b8440c0386ae44014d5b22fefe5b0398d05c"},
    {file = "cymem-2.0.2-cp36-cp36m-manylinux1_i686.whl", hash = "sha256:c63337aa7e1ad4ec182cc7847c6d85390589fbbf1f9f67d1fde8133a9acb7fa8"},
    {file = "cymem-2.0.2-cp36-cp36m-manylinux1_x86_64.whl", hash = "sha256:71710ee0e946a6bd33c86dd9e71f95ad584c65e8bb02615f00ceb0d8348fb303"},
    {file = "cymem-2.0.2-cp36-cp36m-win32.whl", hash = "sha256:081c652ae1aff4759813e93a2fc4df4ba410ce214a0e542988e24c62110d4cd0"},
    {file = "cymem-2.0.2-cp36-cp36m-win_amd64.whl", hash = "sha256:6e3194135b21bb268030f3473beb8b674b356c330a9fa185dced2f5006cbd5ba"},
    {file = "cymem-2.0.2-cp37-cp37m-macosx_10_6_intel.macosx_10_9_intel.macosx_10_9_x86_64.macosx_10_10_intel.macosx_10_10_x86_64.whl", hash = "sha256:ec51273ea08a2c6389bc4dd6b5183354826d916b149a041f2f274431166191bc"},
    {file = "cymem-2.0.2-cp37-cp37m-manylinux1_i686.whl", hash = "sha256:7f01ba6153427811cd7d35630081c69b32c188a1d330599a826ef3bf17edbd7c"},
    {file = "cymem-2.0.2-cp37-cp37m-manylinux1_x86_64.whl", hash = "sha256:ba47b571d480c0b76d282ff1634372070031d4998a46ae5d8305d49563b74ca6"},
    {file = "cymem-2.0.2-cp37-cp37m-win32.whl", hash = "sha256:a5966b3171bad9c84a2b19dccda5ab37ae8437c0709a6b72cb42b64ea76a4bd3"},
    {file = "cymem-2.0.2-cp37-cp37m-win_amd64.whl", hash = "sha256:bf049dc9cf0d3aa4a48ba514b7f1699fb6f35b18ad8c6f018bd13e0bccd9d30c"},
    {file = "cymem-2.0.2.tar.gz", hash = "sha256:ab88b1534f06df07262d9bc5efb3ba07948cdbe9a363eb9eaa4ad42fae6c7b5e"},
]
docutils = [
    {file = "docutils-0.15.2-py2-none-any.whl", hash = "sha256:9e4d7ecfc600058e07ba661411a2b7de2fd0fafa17d1a7f7361cd47b1175c827"},
    {file = "docutils-0.15.2-py3-none-any.whl", hash = "sha256:6c4f696463b79f1fb8ba0c594b63840ebd41f059e92b31957c46b74a4599b6d0"},
    {file = "docutils-0.15.2.tar.gz", hash = "sha256:a2aeea129088da402665e92e0b25b04b073c04b2dce4ab65caaa38b7ce2e1a99"},
]
gensim = [
    {file = "gensim-3.8.1-cp27-cp27m-macosx_10_6_intel.macosx_10_9_intel.macosx_10_9_x86_64.macosx_10_10_intel.macosx_10_10_x86_64.whl", hash = "sha256:498bc173df0cebb430e01d9860d8cb9a1d4724537da3b3b1b6ec371ddd86794e"},
    {file = "gensim-3.8.1-cp27-cp27m-manylinux1_i686.whl", hash = "sha256:10d0a01a541aa9810add46fe2ccb043a86d99f5075f8dc35466f65949adcb64c"},
    {file = "gensim-3.8.1-cp27-cp27m-manylinux1_x86_64.whl", hash = "sha256:1a302a0829eaa023fa6e91e3b489e5b6173127124f2bfbdfa4118b75bd402264"},
    {file = "gensim-3.8.1-cp27-cp27m-win32.whl", hash = "sha256:58f28f6dd25cb4f83ace8b6be1e132d56acfd60b823241e84bb8cba2e9676a39"},
    {file = "gensim-3.8.1-cp27-cp27m-win_amd64.whl", hash = "sha256:6c7065de589edd53cd42f4e5bbae8a821d285c75f12412ee0e32c972f14672c1"},
    {file = "gensim-3.8.1-cp27-cp27mu-manylinux1_i686.whl", hash = "sha256:458c2dea186e7e35fa417b13060c4c5ce63e90c36240c745574a95c2b02c425b"},
    {file = "gensim-3.8.1-cp27-cp27mu-manylinux1_x86_64.whl", hash = "sha256:b08c526ce5dabceb042499c7711e229fb3d2874f69a83dbcab77a35bedac8552"},
    {file = "gensim-3.8.1-cp35-cp35m-macosx_10_6_intel.macosx_10_9_intel.macosx_10_9_x86_64.macosx_10_10_intel.macosx_10_10_x86_64.whl", hash = "sha256:db3b8cfc03e9b7e4c93ea2221cb82d9719fcc3cd16201191f45f12e3c9b0f206"},
    {file = "gensim-3.8.1-cp35-cp35m-manylinux1_i686.whl", hash = "sha256:734c8fcd65068f06c1da37beeec7b22a9380faa63a307a99b0bb109560e05e47"},
    {file = "gensim-3.8.1-cp35-cp35m-manylinux1_x86_64.whl", hash = "sha256:56fc56f1b8044f33c29ab3f5416d05a1655223a7654cc0887e4e0a17f50e6006"},
    {file = "gensim-3.8.1-cp35-cp35m-win32.whl", hash = "sha256:bd0e40149a6f07961123f8770b68050366b6772f38521c75a9d0b03242cb9fde"},
    {file = "gensim-3.8.1-cp35-cp35m-win_amd64.whl", hash = "sha256:d9f13b7f0c425b632f18b0b7c87551a0e0d87695506e63153b442e137a4a69fd"},
    {file = "gensim-3.8.1-cp36-cp36m-macosx_10_6_intel.macosx_10_9_intel.macosx_10_9_x86_64.macosx_10_10_intel.macosx_10_10_x86_64.whl", hash = "sha256:ba19d8021554c773420321cc0b1ad5ed1f0cd5d14c08a24631263f23d6e8c14e"},
    {file = "gensim-3.8.1-cp36-cp36m-manylinux1_i686.whl", hash = "sha256:ef51a5aada90ce0f8f13be750e8d8460bd33e2793c2e74bb453fb1ce7b7ba79d"},
    {file = "gensim-3.8.1-cp36-cp36m-manylinux1_x86_64.whl", hash = "sha256:11c01f38a77579b4fda635b92f1231b2986d9fefff44af401c2d106901b9342a"},
    {file = "gensim-3.8.1-cp36-cp36m-win32.whl", hash = "sha256:afca1f0081b5e1ce3f07d7ac540196c1af81b9d0513fbd8c4744cc7910922e09"},
    {file = "gensim-3.8.1-cp36-cp36m-win_amd64.whl", hash = "sha256:1cfd541f4a8651d5d24f61b35a263573bb3464f1d72d12366c4ab15931c81fad"},
    {file = "gensim-3.8.1-cp37-cp37m-macosx_10_6_intel.macosx_10_9_intel.macosx_10_9_x86_64.macosx_10_10_intel.macosx_10_10_x86_64.whl", hash = "sha256:267983deeb6969a43f7366a188c4f5f2942a49271b7dbdfc07066707fb2029e2"},
    {file = "gensim-3.8.1-cp37-cp37m-manylinux1_i686.whl", hash = "sha256:1b747baf65b51e101db5b4b8eb84ac2c400ab81c3fb0758ff5f879693e936ce3"},
    {file = "gensim-3.8.1-cp37-cp37m-manylinux1_x86_64.whl", hash = "sha256:4e5344a07e6646198669befb3f6d3d25209693a904863293da2b0233c5526686"},
    {file = "gensim-3.8.1-cp37-cp37m-win32.whl", hash = "sha256:d3b3cb01e4e997731c41944ffbfce2af67585c6a60fd4fc4a02909dff77021aa"},
    {file = "gensim-3.8.1-cp37-cp37m-win_amd64.whl", hash = "sha256:36518200175c708e762f5763f34b1e5a6b64e7844f2c172afd480231361192fd"},
    {file = "gensim-3.8.1.tar.gz", hash = "sha256:33277fc0a8d7b0c7ce70fcc74bb82ad39f944c009b334856c6e86bf552b1dfdc"},
    {file = "gensim-3.8.1.win-amd64-py2.7.exe", hash = "sha256:ace82a26c9d4663fbe55c2d84ee168edd0e9e23062a0961ff99575615ca4603a"},
    {file = "gensim-3.8.1.win-amd64-py3.5.exe", hash = "sha256:a4d9806496823c5e4f787118b87e55f61360ece0ea0fbebef7eb0782492077d9"},
    {file = "gensim-3.8.1.win-amd64-py3.6.exe", hash = "sha256:3cae31d081a1770eda226c63290da198c0fa55a4b680ed18eb5360a4be9bd5da"},
    {file = "gensim-3.8.1.win-amd64-py3.7.exe", hash = "sha256:3dba0af2c02bbcf30496b2fab7378e4190cad32a6a1145eec0f2cb5a40189c73"},
    {file = "gensim-3.8.1.win32-py2.7.exe", hash = "sha256:88ad391dff5117a3521538b77e724013dc0c751d0c96bd5e8026bcf759e2afe1"},
    {file = "gensim-3.8.1.win32-py3.5.exe", hash = "sha256:49cb7fe8edc70aef22cdc884d7b8b9b22f892ae5918e2ca8e21bd9c13df02383"},
    {file = "gensim-3.8.1.win32-py3.6.exe", hash = "sha256:091db4e1489399192214dd2466e7c5b4f9cd82c2ba8dfa468a6572cde11c8558"},
    {file = "gensim-3.8.1.win32-py3.7.exe", hash = "sha256:03edf191f1ada39db767fd593f8f9cee20e25dd17f5df9b8c71a2355113f7e7e"},
]
idna = [
    {file = "idna-2.8-py2.py3-none-any.whl", hash = "sha256:ea8b7f6188e6fa117537c3df7da9fc686d485087abf6ac197f9c46432f7e4a3c"},
    {file = "idna-2.8.tar.gz", hash = "sha256:c357b3f628cf53ae2c4c05627ecc484553142ca23264e593d327bcde5e9c3407"},
]
jmespath = [
    {file = "jmespath-0.9.4-py2.py3-none-any.whl", hash = "sha256:3720a4b1bd659dd2eecad0666459b9788813e032b83e7ba58578e48254e0a0e6"},
    {file = "jmespath-0.9.4.tar.gz", hash = "sha256:bde2aef6f44302dfb30320115b17d030798de8c4110e28d5cf6cf91a7a31074c"},
]
murmurhash = [
    {file = "murmurhash-1.0.2-cp27-cp27m-macosx_10_6_intel.macosx_10_9_intel.macosx_10_9_x86_64.macosx_10_10_intel.macosx_10_10_x86_64.whl", hash = "sha256:717196a04cdc80cc3103a3da17b2415a8a5e1d0d578b7079259386bf153b3258"},
    {file = "murmurhash-1.0.2-cp27-cp27m-manylinux1_x86_64.whl", hash = "sha256:a6c071b4b498bcea16a8dc8590cad81fa8d43821f34c74bc00f96499e2527073"},
    {file = "murmurhash-1.0.2-cp27-cp27m-win_amd64.whl", hash = "sha256:d696c394ebd164ca80b5871e2e9ad2f9fdbb81bd3c552c1d5f1e8ee694e6204a"},
    {file = "murmurhash-1.0.2-cp27-cp27mu-manylinux1_x86_64.whl", hash = "sha256:27b908fe4bdb426f4e4e4a8821acbe0302915b2945e035ec9d8ca513e2a74b1f"},
    {file = "murmurhash-1.0.2-cp35-cp35m-manylinux1_x86_64.whl", hash = "sha256:33405103fa8cde15d72ee525a03d5cfe2c7e4901133819754810986e29627d68"},
    {file = "murmurhash-1.0.2-cp35-cp35m-win_amd64.whl", hash = "sha256:3af36a0dc9f13f6892d9b8b39a6a3ccf216cae5bce38adc7c2d145677987772f"},
    {file = "murmurhash-1.0.2-cp36-cp36m-macosx_10_6_intel.macosx_10_9_intel.macosx_10_9_x86_64.macosx_10_10_intel.macosx_10_10_x86_64.whl", hash = "sha256:fe344face8d30a5a6aa26e5acf288aa2a8f0f32e05efdda3d314b4bf289ec2af"},
    {file = "murmurhash-1.0.2-cp36-cp36m-manylinux1_x86_64.whl", hash = "sha256:386a9eed3cb27cb2cd4394b6521275ba04552642c2d9cab5c9fb42aa5a3325c0"},
    {file = "murmurhash-1.0.2-cp36-cp36m-win_amd64.whl", hash = "sha256:b0afe329701b59d02e56bc6cee7325af83e3fee9c299c615fc1df3202b4f886f"},
    {file = "murmurhash-1.0.2-cp37-cp37m-macosx_10_6_intel.macosx_10_9_intel.macosx_10_9_x86_64.macosx_10_10_intel.macosx_10_10_x86_64.whl", hash = "sha256:bf33490514d308bcc27ed240cb3eb114f1ec31af031535cd8f27659a7049bd52"},
    {file = "murmurhash-1.0.2-cp37-cp37m-manylinux1_x86_64.whl", hash = "sha256:8a4ed95cd3456b43ea301679c7c39ade43fc18b844b37d0ba0ac0d6acbff8e0c"},
    {file = "murmurhash-1.0.2-cp37-cp37m-win_amd64.whl", hash = "sha256:ba766343bdbcb928039b8fff609e80ae7a5fd5ed7a4fc5af822224b63e0cbaff"},
    {file = "murmurhash-1.0.2.tar.gz", hash = "sha256:c7a646f6b07b033642b4f52ae2e45efd8b80780b3b90e8092a0cec935fbf81e2"},
]
numpy = [
    {file = "numpy-1.16.1-cp27-cp27m-macosx_10_6_intel.macosx_10_9_intel.macosx_10_9_x86_64.macosx_10_10_intel.macosx_10_10_x86_64.whl", hash = "sha256:e9c88f173d31909d881a60f08a8494e63f1aff2a4052476b24d4f50e82c47e24"},
    {file = "numpy-1.16.1-cp27-cp27m-manylinux1_i686.whl", hash = "sha256:69c152f7c11bf3b4fc11bc4cc62eb0334371c0db6844ebace43b7c815b602805"},
    {file = "numpy-1.16.1-cp27-cp27m-manylinux1_x86_64.whl", hash = "sha256:ae602ba425fb2b074e16d125cdce4f0194903da935b2e7fe284ebecca6d92e76"},
    {file = "numpy-1.16.1-cp27-cp27m-win32.whl", hash = "sha256:4341a39fc085f31a583be505eabf00e17c619b469fef78dc7e8241385bfddaa4"},
    {file = "numpy-1.16.1-cp27-cp27m-win_amd64.whl", hash = "sha256:a863957192855c4c57f60a75a1ac06ce5362ad18506d362dd807e194b4baf3ce"},
    {file = "numpy-1.16.1-cp27-cp27mu-manylinux1_i686.whl", hash = "sha256:62784b35df7de7ca4d0d81c5b6af5983f48c5cdef32fc3635b445674e56e3266"},
    {file = "numpy-1.16.1-cp27-cp27mu-manylinux1_x86_64.whl", hash = "sha256:6ccfdcefd287f252cf1ea7a3f1656070da330c4a5658e43ad223269165cdf977"},
    {file = "numpy-1.16.1-cp35-cp35m-macosx_10_6_intel.macosx_10_9_intel.macosx_10_9_x86_64.macosx_10_10_intel.macosx_10_10_x86_64.whl", hash = "sha256:8bbee788d82c0ac656536de70e817af09b7694f5326b0ef08e5c1014fcb96bb3"},
    {file = "numpy-1.16.1-cp35-cp35m-manylinux1_i686.whl", hash = "sha256:f69dde0c5a137d887676a8129373e44366055cf19d1b434e853310c7a1e68f93"},
    {file = "numpy-1.16.1-cp35-cp35m-manylinux1_x86_64.whl", hash = "sha256:575cefd28d3e0da85b0864506ae26b06483ee4a906e308be5a7ad11083f9d757"},
    {file = "numpy-1.16.1-cp35-cp35m-win32.whl", hash = "sha256:45080f065dcaa573ebecbfe13cdd86e8c0a68c4e999aa06bd365374ea7137706"},
    {file = "numpy-1.16.1-cp35-cp35m-win_amd64.whl", hash = "sha256:34dd4922aab246c39bf5df03ca653d6265e65971deca6784c956bf356bca6197"},
    {file = "numpy-1.16.1-cp36-cp36m-macosx_10_6_intel.macosx_10_9_intel.macosx_10_9_x86_64.macosx_10_10_intel.macosx_10_10_x86_64.whl", hash = "sha256:c2c39d69266621dd7464e2bb740d6eb5abc64ddc339cc97aa669f3bb4d75c103"},
    {file = "numpy-1.16.1-cp36-cp36m-manylinux1_i686.whl", hash = "sha256:392e2ea22b41a22c0289a88053204b616181288162ba78e6823e1760309d5277"},
    {file = "numpy-1.16.1-cp36-cp36m-manylinux1_x86_64.whl", hash = "sha256:7298fbd73c0b3eff1d53dc9b9bdb7add8797bb55eeee38c8ccd7906755ba28af"},
    {file = "numpy-1.16.1-cp36-cp36m-win32.whl", hash = "sha256:384e2dfa03da7c8d54f8f934f61b6a5e4e1ebb56a65b287567629d6c14578003"},
    {file = "numpy-1.16.1-cp36-cp36m-win_amd64.whl", hash = "sha256:2b0cca1049bd39d1879fa4d598624cafe82d35529c72de1b3d528d68031cdd95"},
    {file = "numpy-1.16.1-cp37-cp37m-macosx_10_6_intel.macosx_10_9_intel.macosx_10_9_x86_64.macosx_10_10_intel.macosx_10_10_x86_64.whl", hash = "sha256:b13faa258b20fa66d29011f99fdf498641ca74a0a6d9266bc27d83c70fea4a6a"},
    {file = "numpy-1.16.1-cp37-cp37m-manylinux1_i686.whl", hash = "sha256:485cb1eb4c9962f4cd042fed9424482ec1d83fee5dc2ef3f2552ac47852cb259"},
    {file = "numpy-1.16.1-cp37-cp37m-manylinux1_x86_64.whl", hash = "sha256:0cdbbaa30ae69281b18dd995d3079c4e552ad6d5426977f66b9a2a95f11f552a"},
    {file = "numpy-1.16.1-cp37-cp37m-win32.whl", hash = "sha256:79463d918d1bf3aeb9186e3df17ddb0baca443f41371df422f99ee94f4f2bbfe"},
    {file = "numpy-1.16.1-cp37-cp37m-win_amd64.whl", hash = "sha256:f1a29267ac29fff0913de0f11f3a9edfcd3f39595f467026c29376fad243ebe3"},
    {file = "numpy-1.16.1.zip", hash = "sha256:31d3fe5b673e99d33d70cfee2ea8fe8dccd60f265c3ed990873a88647e3dd288"},
]
plac = [
    {file = "plac-0.9.6-py2.py3-none-any.whl", hash = "sha256:854693ad90367e8267112ffbb8955f57d6fdeac3191791dc9ffce80f87fd2370"},
    {file = "plac-0.9.6.tar.gz", hash = "sha256:ba3f719a018175f0a15a6b04e6cc79c25fd563d348aacd320c3644d2a9baf89b"},
]
preshed = [
    {file = "preshed-3.0.2-cp27-cp27m-macosx_10_6_intel.macosx_10_9_intel.macosx_10_9_x86_64.macosx_10_10_intel.macosx_10_10_x86_64.whl", hash = "sha256:448d9df12e63fe4a3024f6153ee6703bb95d2be0ce887b5eda7ddc41acfba825"},
    {file = "preshed-3.0.2-cp27-cp27m-manylinux1_x86_64.whl", hash = "sha256:633358f1fb0ec5dd6dbe4971c328d08809e5a8dbefdf13a802ae0a7cb45306c7"},
    {file = "preshed-3.0.2-cp27-cp27m-win_amd64.whl", hash = "sha256:7ea588a78aaf310ae2c293071a8571b07ae434819be05fe510442b6df3f8fbf7"},
    {file = "preshed-3.0.2-cp27-cp27mu-manylinux1_x86_64.whl", hash = "sha256:8a9a8222a697a513f25a94733e7a17cc298ecd8fd56b606a1d8fa0ac342c2830"},
    {file = "preshed-3.0.2-cp35-cp35m-manylinux1_x86_64.whl", hash = "sha256:253970beae87ab672a6afb543908761795eea3cb7b0d784e2ea51e265752059e"},
    {file = "preshed-3.0.2-cp35-cp35m-win_amd64.whl", hash = "sha256:88427346b220293439db77c82913791fa13edc6ac73d8159610699a3ca17aae9"},
    {file = "preshed-3.0.2-cp36-cp36m-macosx_10_6_intel.macosx_10_9_intel.macosx_10_9_x86_64.macosx_10_10_intel.macosx_10_10_x86_64.whl", hash = "sha256:6518bbd5fb8adbc3231e75ae78d96a7bdd5405a3b23a09d5e62a2e4fc833724e"},
    {file = "preshed-3.0.2-cp36-cp36m-manylinux1_x86_64.whl", hash = "sha256:1be3cb59211282e906a11443464fe3e19f6561e2fcd06410e4adc6d45354cf82"},
    {file = "preshed-3.0.2-cp36-cp36m-win_amd64.whl", hash = "sha256:ece5e850f667eaa3367d5c56dda9e3aa6ac1c0bb2117d2f466a26db5f26bbe4b"},
    {file = "preshed-3.0.2-cp37-cp37m-macosx_10_6_intel.macosx_10_9_intel.macosx_10_9_x86_64.macosx_10_10_intel.macosx_10_10_x86_64.whl", hash = "sha256:1ef72a120e49356058b3c0590d7b5e91f2747b44e006eef6579be6131223cab0"},
    {file = "preshed-3.0.2-cp37-cp37m-manylinux1_x86_64.whl", hash = "sha256:7e80ffc1fb79496d4feafe0eaf71ee5e532b91daf6cec235d7f9c4c12657a58c"},
    {file = "preshed-3.0.2-cp37-cp37m-win_amd64.whl", hash = "sha256:0c15ae62f2595ca479decc3452967484dae57b510278800f5deb9115238cc818"},
    {file = "preshed-3.0.2.tar.gz", hash = "sha256:61d73468c97c1d6d5a048de0b01d5a6fd052123358aca4823cdb277e436436cb"},
]
python-dateutil = [
    {file = "python-dateutil-2.8.0.tar.gz", hash = "sha256:c89805f6f4d64db21ed966fda138f8a5ed7a4fdbc1a8ee329ce1b74e3c74da9e"},
    {file = "python_dateutil-2.8.0-py2.py3-none-any.whl", hash = "sha256:7e6584c74aeed623791615e26efd690f29817a27c73085b78e4bad02493df2fb"},
]
regex = [
    {file = "regex-2019.08.19-cp27-none-win32.whl", hash = "sha256:1e9f9bc44ca195baf0040b1938e6801d2f3409661c15fe57f8164c678cfc663f"},
    {file = "regex-2019.08.19-cp27-none-win_amd64.whl", hash = "sha256:93f6c9da57e704e128d90736430c5c59dd733327882b371b0cae8833106c2a21"},
    {file = "regex-2019.08.19-cp35-none-win32.whl", hash = "sha256:c5c8999b3a341b21ac2c6ec704cfcccbc50f1fedd61b6a8ee915ca7fd4b0a557"},
    {file = "regex-2019.08.19-cp35-none-win_amd64.whl", hash = "sha256:f2b37b5b2c2a9d56d9e88efef200ec09c36c7f323f9d58d0b985a90923df386d"},
    {file = "regex-2019.08.19-cp36-cp36m-manylinux1_i686.whl", hash = "sha256:2079f83ac094b436a8078988e38af44286c67eb5a259becfc563e8a81cb34a11"},
    {file = "regex-2019.08.19-cp36-cp36m-manylinux1_x86_64.whl", hash = "sha256:43dbcc90e1bd42d905abc8dac75a64768d4b621c9e01adfcd8a57df1af65793e"},
    {file = "regex-2019.08.19-cp36-none-win32.whl", hash = "sha256:d96479257e8e4d1d7800adb26bf9c5ca5bab1648a1eddcac84d107b73dc68327"},
    {file = "regex-2019.08.19-cp36-none-win_amd64.whl", hash = "sha256:a46f27d267665016acb3ec8c6046ec5eae8cf80befe85ba47f43c6f5ec636dcd"},
    {file = "regex-2019.08.19-cp37-none-win32.whl", hash = "sha256:d4d1829cf97632673aa49f378b0a2c3925acd795148c5ace8ef854217abbee89"},
    {file = "regex-2019.08.19-cp37-none-win_amd64.whl", hash = "sha256:fe765b809a1f7ce642c2edeee351e7ebd84391640031ba4b60af8d91a9045890"},
    {file = "regex-2019.08.19-cp38-none-win32.whl", hash = "sha256:f20f4912daf443220436759858f96fefbfc6c6ba9e67835fd6e4e9b73582791a"},
    {file = "regex-2019.08.19-cp38-none-win_amd64.whl", hash = "sha256:835ccdcdc612821edf132c20aef3eaaecfb884c9454fdc480d5887562594ac61"},
    {file = "regex-2019.08.19.tar.gz", hash = "sha256:587b62d48ca359d2d4f02d486f1f0aa9a20fbaf23a9d4198c4bed72ab2f6c849"},
]
requests = [
    {file = "requests-2.22.0-py2.py3-none-any.whl", hash = "sha256:9cf5292fcd0f598c671cfc1e0d7d1a7f13bb8085e9a590f48c010551dc6c4b31"},
    {file = "requests-2.22.0.tar.gz", hash = "sha256:11e007a8a2aa0323f5a921e9e6a2d7e4e67d9877e85773fba9ba6419025cbeb4"},
]
s3transfer = [
    {file = "s3transfer-0.2.1-py2.py3-none-any.whl", hash = "sha256:b780f2411b824cb541dbcd2c713d0cb61c7d1bcadae204cdddda2b35cef493ba"},
    {file = "s3transfer-0.2.1.tar.gz", hash = "sha256:6efc926738a3cd576c2a79725fed9afde92378aa5c6a957e3af010cb019fac9d"},
]
scipy = [
    {file = "scipy-1.3.1-cp35-cp35m-macosx_10_6_intel.macosx_10_9_intel.macosx_10_9_x86_64.macosx_10_10_intel.macosx_10_10_x86_64.whl", hash = "sha256:3ae3692616975d3c10aca6d574d6b4ff95568768d4525f76222fb60f142075b9"},
    {file = "scipy-1.3.1-cp35-cp35m-manylinux1_i686.whl", hash = "sha256:7ccfa44a08226825126c4ef0027aa46a38c928a10f0a8a8483c80dd9f9a0ad44"},
    {file = "scipy-1.3.1-cp35-cp35m-manylinux1_x86_64.whl", hash = "sha256:cbc0611699e420774e945f6a4e2830f7ca2b3ee3483fca1aa659100049487dd5"},
    {file = "scipy-1.3.1-cp35-cp35m-win32.whl", hash = "sha256:435d19f80b4dcf67dc090cc04fde2c5c8a70b3372e64f6a9c58c5b806abfa5a8"},
    {file = "scipy-1.3.1-cp35-cp35m-win_amd64.whl", hash = "sha256:243b04730d7223d2b844bda9500310eecc9eda0cba9ceaf0cde1839f8287dfa8"},
    {file = "scipy-1.3.1-cp36-cp36m-macosx_10_6_intel.macosx_10_9_intel.macosx_10_9_x86_64.macosx_10_10_intel.macosx_10_10_x86_64.whl", hash = "sha256:46a5e55850cfe02332998b3aef481d33f1efee1960fe6cfee0202c7dd6fc21ab"},
    {file = "scipy-1.3.1-cp36-cp36m-manylinux1_i686.whl", hash = "sha256:dd3b52e00f93fd1c86f2d78243dfb0d02743c94dd1d34ffea10055438e63b99d"},
    {file = "scipy-1.3.1-cp36-cp36m-manylinux1_x86_64.whl", hash = "sha256:75b513c462e58eeca82b22fc00f0d1875a37b12913eee9d979233349fce5c8b2"},
    {file = "scipy-1.3.1-cp36-cp36m-win32.whl", hash = "sha256:396eb4cdad421f846a1498299474f0a3752921229388f91f60dc3eda55a00488"},
    {file = "scipy-1.3.1-cp36-cp36m-win_amd64.whl", hash = "sha256:a81da2fe32f4eab8b60d56ad43e44d93d392da228a77e229e59b51508a00299c"},
    {file = "scipy-1.3.1-cp37-cp37m-macosx_10_6_intel.macosx_10_9_intel.macosx_10_9_x86_64.macosx_10_10_intel.macosx_10_10_x86_64.whl", hash = "sha256:0baa64bf42592032f6f6445a07144e355ca876b177f47ad8d0612901c9375bef"},
    {file = "scipy-1.3.1-cp37-cp37m-manylinux1_i686.whl", hash = "sha256:d02d813ec9958ed63b390ded463163685af6025cb2e9a226ec2c477df90c6957"},
    {file = "scipy-1.3.1-cp37-cp37m-manylinux1_x86_64.whl", hash = "sha256:89dd6a6d329e3f693d1204d5562dd63af0fd7a17854ced17f9cbc37d5b853c8d"},
    {file = "scipy-1.3.1-cp37-cp37m-win32.whl", hash = "sha256:ac37eb652248e2d7cbbfd89619dce5ecfd27d657e714ed049d82f19b162e8d45"},
    {file = "scipy-1.3.1-cp37-cp37m-win_amd64.whl", hash = "sha256:a9d606d11eb2eec7ef893eb825017fbb6eef1e1d0b98a5b7fc11446ebeb2b9b1"},
    {file = "scipy-1.3.1.tar.gz", hash = "sha256:2643cfb46d97b7797d1dbdb6f3c23fe3402904e3c90e6facfe6a9b98d808c1b5"},
]
six = [
    {file = "six-1.12.0-py2.py3-none-any.whl", hash = "sha256:3350809f0555b11f552448330d0b52d5f24c91a322ea4a15ef22629740f3761c"},
    {file = "six-1.12.0.tar.gz", hash = "sha256:d16a0141ec1a18405cd4ce8b4613101da75da0e9a7aec5bdd4fa804d0e0eba73"},
]
smart-open = [
    {file = "smart_open-1.8.4.tar.gz", hash = "sha256:788e07f035defcbb62e3c1e313329a70b0976f4f65406ee767db73ad5d2d04f9"},
]
spacy = [
    {file = "spacy-2.2.1-cp27-cp27mu-manylinux1_x86_64.whl", hash = "sha256:e712f1c2794d78ce57940d3fd43947a64ac79ddbcc0a25c35ab24932c34b8a58"},
    {file = "spacy-2.2.1-cp35-cp35m-manylinux1_x86_64.whl", hash = "sha256:511369b98fd20135094e10c3e96513c7883ea9f2e5c838bd8ec3a8c5f8e8a727"},
    {file = "spacy-2.2.1-cp35-cp35m-win_amd64.whl", hash = "sha256:97ed8adc1fe75fb59e03488592866b398535747354bc506ca651c15c62ff1164"},
    {file = "spacy-2.2.1-cp36-cp36m-macosx_10_6_intel.macosx_10_9_intel.macosx_10_9_x86_64.macosx_10_10_intel.macosx_10_10_x86_64.whl", hash = "sha256:7f19834c2c5f6d705ddafbd05998744a1eb16b107e9d8154c5723c3459605eb4"},
    {file = "spacy-2.2.1-cp36-cp36m-manylinux1_x86_64.whl", hash = "sha256:f320cd4248a985c3a3470402919c209576400c99f50ed815ce314652f21cd0df"},
    {file = "spacy-2.2.1-cp36-cp36m-win_amd64.whl", hash = "sha256:af6e42069d9df4675aa12c49ad97c681611be8810e961a3a51caec093a5e5f03"},
    {file = "spacy-2.2.1-cp37-cp37m-macosx_10_6_intel.macosx_10_9_intel.macosx_10_9_x86_64.macosx_10_10_intel.macosx_10_10_x86_64.whl", hash = "sha256:b8e48feb4ee0621fc911081541ff00fb4bbabe7b5251cc4f47df38c54832e43e"},
    {file = "spacy-2.2.1-cp37-cp37m-manylinux1_x86_64.whl", hash = "sha256:3c3ae925b07a162305370a338a4271a54107564b8e3959c9432e8ef67a3c9616"},
    {file = "spacy-2.2.1-cp37-cp37m-win_amd64.whl", hash = "sha256:0d276d84ed3bad7d7a63c2960ca9eb55af5053607f36e839d6b5b313142cbc00"},
    {file = "spacy-2.2.1.tar.gz", hash = "sha256:b65fb11388212519bb0880d9ae3a1eb760e5956da40b329d014193887a1b03a9"},
]
srsly = [
    {file = "srsly-0.1.0-cp27-cp27m-macosx_10_6_intel.macosx_10_9_intel.macosx_10_9_x86_64.macosx_10_10_intel.macosx_10_10_x86_64.whl", hash = "sha256:e2f0dc57b6ea0848e2a3a867be6aa5e5ce3b1a6cc28be9b3c7dd0c49bd280fc9"},
    {file = "srsly-0.1.0-cp27-cp27m-manylinux1_x86_64.whl", hash = "sha256:0c5adb835342070dbb8305e797ed1b7840ee4b0f14e8d037548f5425bdbc49e7"},
    {file = "srsly-0.1.0-cp27-cp27m-win_amd64.whl", hash = "sha256:04e15e87a373243dd0f09c002374eb773051575c3a360431c27aca590105bfe5"},
    {file = "srsly-0.1.0-cp27-cp27mu-manylinux1_x86_64.whl", hash = "sha256:4488eb4bd60825ac4ebf8dc4f8d8a0a87c5ef643b923764b9468315e3bef1ecd"},
    {file = "srsly-0.1.0-cp35-cp35m-macosx_10_6_intel.macosx_10_9_intel.macosx_10_9_x86_64.macosx_10_10_intel.macosx_10_10_x86_64.whl", hash = "sha256:ab5650609761ccf31c8051d1c0dcbaa5579d47363b8c634f4e2643099188f5c8"},
    {file = "srsly-0.1.0-cp35-cp35m-manylinux1_x86_64.whl", hash = "sha256:e623bb69585e8e014ddba20fce4cbca64ccc40b425a1496e291827a5fc274d06"},
    {file = "srsly-0.1.0-cp35-cp35m-win_amd64.whl", hash = "sha256:2b8d791b4a8ded47ce6a474903fb05d16bcdbabfcf8a5acde337ed5100fd45b9"},
    {file = "srsly-0.1.0-cp36-cp36m-macosx_10_6_intel.macosx_10_9_intel.macosx_10_9_x86_64.macosx_10_10_intel.macosx_10_10_x86_64.whl", hash = "sha256:95b9cb2463348173cf70bb161dbf96706a490d74cab3ee7f97dcc39870e23887"},
    {file = "srsly-0.1.0-cp36-cp36m-manylinux1_x86_64.whl", hash = "sha256:8b253482060917a07dbdaad66d03fd4071cbcc81c8e8534c1c87b99aa5c37021"},
    {file = "srsly-0.1.0-cp36-cp36m-win_amd64.whl", hash = "sha256:65ea2f04b2dc49e2f5ac3091cf6c41da81f192a44859f6ac947892610ff7326e"},
    {file = "srsly-0.1.0-cp37-cp37m-macosx_10_6_intel.macosx_10_9_intel.macosx_10_9_x86_64.macosx_10_10_intel.macosx_10_10_x86_64.whl", hash = "sha256:f128a3a57fed854930321527bd888a19c0a328cf70d1ca104cbc513f422b2860"},
    {file = "srsly-0.1.0-cp37-cp37m-manylinux1_x86_64.whl", hash = "sha256:ca77055c8c489e818532c300e74c2d1ff715396b12c1842065807b27b6906078"},
    {file = "srsly-0.1.0-cp37-cp37m-win_amd64.whl", hash = "sha256:eff9902cb28f4d54cd44d8f363d0b4e67ccc7a01e4558d6565f7ece37c654b08"},
    {file = "srsly-0.1.0.tar.gz", hash = "sha256:5cc0dc561fa70cf12d21d192990a48388a78c8062cd3dcadcf336fc1c3953ed1"},
]
thinc = [
    {file = "thinc-7.1.1-cp27-cp27m-macosx_10_6_intel.macosx_10_9_intel.macosx_10_9_x86_64.macosx_10_10_intel.macosx_10_10_x86_64.whl", hash = "sha256:375c55121a16e0af68de2740ecf30267a14b1b5cf538742e1e0d9afa94822234"},
    {file = "thinc-7.1.1-cp27-cp27m-manylinux1_x86_64.whl", hash = "sha256:cf2c9f441323627ea1d4da10a674cb4ad27e18f5dce48d46d150504c7a2a96c4"},
    {file = "thinc-7.1.1-cp27-cp27mu-manylinux1_x86_64.whl", hash = "sha256:93f36ff3c26ce72cf24054f06f2632032c220c126e18a48e23f39cc788880b6e"},
    {file = "thinc-7.1.1-cp35-cp35m-manylinux1_x86_64.whl", hash = "sha256:f5d369e085149c78cc967ae0dee28d37be72449186bed46fe392474f069c4d49"},
    {file = "thinc-7.1.1-cp35-cp35m-win_amd64.whl", hash = "sha256:3c54849156b265b85bffd0c926622278a2247ec48e76cd669442bbd3d3ad4bc6"},
    {file = "thinc-7.1.1-cp36-cp36m-macosx_10_6_intel.macosx_10_9_intel.macosx_10_9_x86_64.macosx_10_10_intel.macosx_10_10_x86_64.whl", hash = "sha256:a52367f48155ea1986aed895f2998032a16e64c3c6b195ab5d8ad79abe16c73e"},
    {file = "thinc-7.1.1-cp36-cp36m-manylinux1_x86_64.whl", hash = "sha256:82fb5fa6b04501d0c94ac1647ed45dfaa811da9d3562c4e416f9d25d57b80eaa"},
    {file = "thinc-7.1.1-cp36-cp36m-win_amd64.whl", hash = "sha256:8baf7d81e1a5bbbdda3fb739cacd451c8b977f3c125dc22d284e0c7513d890cb"},
    {file = "thinc-7.1.1-cp37-cp37m-macosx_10_6_intel.macosx_10_9_intel.macosx_10_9_x86_64.macosx_10_10_intel.macosx_10_10_x86_64.whl", hash = "sha256:87282f7916880feac74a0e2df3f5613afb85623da3e2c7dcfa9f5d90c1697290"},
    {file = "thinc-7.1.1-cp37-cp37m-manylinux1_x86_64.whl", hash = "sha256:a1ca70d25d96e26f2b968eb0be0fc21c95f77a68111b1a4087f8a07ebfc70c48"},
    {file = "thinc-7.1.1-cp37-cp37m-win_amd64.whl", hash = "sha256:b518435ddf74d45139935997520d94cc3080d68beda7a111a3183f3aa9417887"},
    {file = "thinc-7.1.1.tar.gz", hash = "sha256:68478efee64a5523d881d47914a92e315bb31bf0a404cec1ff7be83b0a267f3e"},
]
tqdm = [
    {file = "tqdm-4.36.1-py2.py3-none-any.whl", hash = "sha256:dd3fcca8488bb1d416aa7469d2f277902f26260c45aa86b667b074cd44b3b115"},
    {file = "tqdm-4.36.1.tar.gz", hash = "sha256:abc25d0ce2397d070ef07d8c7e706aede7920da163c64997585d42d3537ece3d"},
]
urllib3 = [
    {file = "urllib3-1.25.6-py2.py3-none-any.whl", hash = "sha256:3de946ffbed6e6746608990594d08faac602528ac7015ac28d33cee6a45b7398"},
    {file = "urllib3-1.25.6.tar.gz", hash = "sha256:9a107b99a5393caf59c7aa3c1249c16e6879447533d0887f4336dde834c7be86"},
]
wasabi = [
    {file = "wasabi-0.3.0-py3-none-any.whl", hash = "sha256:7127b5f75d0f17f51048ca81d62440655ae87afcbed36adad717a5e35e671fa8"},
    {file = "wasabi-0.3.0.tar.gz", hash = "sha256:051fd33b47cf5f21626a3b750001b267c464c84a33f8e8fbcb49e48c8fe82838"},
]
